{
  "dependencies": {
    "mail-listener2": {
      "version": "https://github.com/chirag04/mail-listener2/tarball/25f0d2b9e9fff0c2677fbac1316e3d5df56a2b94",
      "dependencies": {
        "imap": {
          "version": "0.8.14",
          "dependencies": {
            "utf7": {
              "version": "1.0.0"
            },
            "readable-stream": {
              "version": "1.1.13",
              "dependencies": {
                "core-util-is": {
                  "version": "1.0.1"
                },
                "isarray": {
                  "version": "0.0.1"
                },
                "string_decoder": {
                  "version": "0.10.31"
                },
                "inherits": {
                  "version": "2.0.1"
                }
              }
            }
          }
        },
        "mailparser": {
          "version": "0.4.6",
          "dependencies": {
            "mimelib": {
              "version": "0.2.18",
              "dependencies": {
                "addressparser": {
                  "version": "0.2.1"
                }
              }
            },
            "encoding": {
              "version": "0.1.11",
              "dependencies": {
                "iconv-lite": {
                  "version": "0.4.5"
                }
              }
            },
            "mime": {
              "version": "1.2.11"
            },
            "uue": {
              "version": "1.0.0"
            }
          }
        },
        "async": {
          "version": "0.9.0"
        }
      }
    }
  }
}
